
Microsoft Visual Studio Solution File, Format Version 12.00
Project("{FAE04EC0-301F-11D3-BF4B-00C04F79EFBC}") = "deckystream", "deckystream.csproj", "{AE90B7E5-F5F3-4A9F-AF42-6401BAE81986}"
EndProject
Global
	GlobalSection(SolutionConfigurationPlatforms) = preSolution
		Debug|Any CPU = Debug|Any CPU
		Release|Any CPU = Release|Any CPU
	EndGlobalSection
	GlobalSection(ProjectConfigurationPlatforms) = postSolution
		{AE90B7E5-F5F3-4A9F-AF42-6401BAE81986}.Debug|Any CPU.ActiveCfg = Debug|Any CPU
		{AE90B7E5-F5F3-4A9F-AF42-6401BAE81986}.Debug|Any CPU.Build.0 = Debug|Any CPU
		{AE90B7E5-F5F3-4A9F-AF42-6401BAE81986}.Release|Any CPU.ActiveCfg = Release|Any CPU
		{AE90B7E5-F5F3-4A9F-AF42-6401BAE81986}.Release|Any CPU.Build.0 = Release|Any CPU
		{DF37EB45-9391-4BBA-A40C-C19B806D250E}.Debug|Any CPU.ActiveCfg = Debug|Any CPU
		{DF37EB45-9391-4BBA-A40C-C19B806D250E}.Debug|Any CPU.Build.0 = Debug|Any CPU
		{DF37EB45-9391-4BBA-A40C-C19B806D250E}.Release|Any CPU.ActiveCfg = Release|Any CPU
		{DF37EB45-9391-4BBA-A40C-C19B806D250E}.Release|Any CPU.Build.0 = Release|Any CPU
	EndGlobalSection
EndGlobal
